
Microsoft Visual Studio Solution File, Format Version 12.00
# Visual Studio 14
VisualStudioVersion = 14.0.25420.1
MinimumVisualStudioVersion = 10.0.40219.1
Project("{FAE04EC0-301F-11D3-BF4B-00C04F79EFBC}") = "SemesterSoda101", "SemesterSoda101\SemesterSoda101\SemesterSoda101.csproj", "{F21AE74F-35C8-4B98-A3AC-81894C2C12DB}"
EndProject
Project("{FAE04EC0-301F-11D3-BF4B-00C04F79EFBC}") = "SemesterSoda101.Droid", "SemesterSoda101\SemesterSoda101.Droid\SemesterSoda101.Droid.csproj", "{2D355834-709B-43E6-8570-8DC120D72684}"
EndProject
Project("{FAE04EC0-301F-11D3-BF4B-00C04F79EFBC}") = "SemesterSoda101.iOS", "SemesterSoda101\SemesterSoda101.iOS\SemesterSoda101.iOS.csproj", "{13824459-B984-4396-951D-F00F6EF529F6}"
EndProject
Project("{FAE04EC0-301F-11D3-BF4B-00C04F79EFBC}") = "SemesterSoda101.WinPhone", "SemesterSoda101\SemesterSoda101.WinPhone\SemesterSoda101.WinPhone.csproj", "{8E94429B-67F2-4260-9BF9-9F974ABE0604}"
EndProject
Project("{FAE04EC0-301F-11D3-BF4B-00C04F79EFBC}") = "SemesterSoda101.UWP", "SemesterSoda101\SemesterSoda101.UWP\SemesterSoda101.UWP.csproj", "{012F468B-FCFD-4E6A-B7D8-009CB5388DF8}"
EndProject
Project("{FAE04EC0-301F-11D3-BF4B-00C04F79EFBC}") = "SemesterSoda101.Windows", "SemesterSoda101\SemesterSoda101.Windows\SemesterSoda101.Windows.csproj", "{99DCD976-AC4E-4E80-B964-41C70D78C871}"
EndProject
Global
	GlobalSection(SolutionConfigurationPlatforms) = preSolution
		Ad-Hoc|Any CPU = Ad-Hoc|Any CPU
		Ad-Hoc|ARM = Ad-Hoc|ARM
		Ad-Hoc|iPhone = Ad-Hoc|iPhone
		Ad-Hoc|iPhoneSimulator = Ad-Hoc|iPhoneSimulator
		Ad-Hoc|x64 = Ad-Hoc|x64
		Ad-Hoc|x86 = Ad-Hoc|x86
		AppStore|Any CPU = AppStore|Any CPU
		AppStore|ARM = AppStore|ARM
		AppStore|iPhone = AppStore|iPhone
		AppStore|iPhoneSimulator = AppStore|iPhoneSimulator
		AppStore|x64 = AppStore|x64
		AppStore|x86 = AppStore|x86
		Debug|Any CPU = Debug|Any CPU
		Debug|ARM = Debug|ARM
		Debug|iPhone = Debug|iPhone
		Debug|iPhoneSimulator = Debug|iPhoneSimulator
		Debug|x64 = Debug|x64
		Debug|x86 = Debug|x86
		Release|Any CPU = Release|Any CPU
		Release|ARM = Release|ARM
		Release|iPhone = Release|iPhone
		Release|iPhoneSimulator = Release|iPhoneSimulator
		Release|x64 = Release|x64
		Release|x86 = Release|x86
	EndGlobalSection
	GlobalSection(ProjectConfigurationPlatforms) = postSolution
		{F21AE74F-35C8-4B98-A3AC-81894C2C12DB}.Ad-Hoc|Any CPU.ActiveCfg = Release|Any CPU
		{F21AE74F-35C8-4B98-A3AC-81894C2C12DB}.Ad-Hoc|Any CPU.Build.0 = Release|Any CPU
		{F21AE74F-35C8-4B98-A3AC-81894C2C12DB}.Ad-Hoc|ARM.ActiveCfg = Release|Any CPU
		{F21AE74F-35C8-4B98-A3AC-81894C2C12DB}.Ad-Hoc|ARM.Build.0 = Release|Any CPU
		{F21AE74F-35C8-4B98-A3AC-81894C2C12DB}.Ad-Hoc|iPhone.ActiveCfg = Release|Any CPU
		{F21AE74F-35C8-4B98-A3AC-81894C2C12DB}.Ad-Hoc|iPhone.Build.0 = Release|Any CPU
		{F21AE74F-35C8-4B98-A3AC-81894C2C12DB}.Ad-Hoc|iPhoneSimulator.ActiveCfg = Release|Any CPU
		{F21AE74F-35C8-4B98-A3AC-81894C2C12DB}.Ad-Hoc|iPhoneSimulator.Build.0 = Release|Any CPU
		{F21AE74F-35C8-4B98-A3AC-81894C2C12DB}.Ad-Hoc|x64.ActiveCfg = Release|Any CPU
		{F21AE74F-35C8-4B98-A3AC-81894C2C12DB}.Ad-Hoc|x64.Build.0 = Release|Any CPU
		{F21AE74F-35C8-4B98-A3AC-81894C2C12DB}.Ad-Hoc|x86.ActiveCfg = Release|Any CPU
		{F21AE74F-35C8-4B98-A3AC-81894C2C12DB}.Ad-Hoc|x86.Build.0 = Release|Any CPU
		{F21AE74F-35C8-4B98-A3AC-81894C2C12DB}.AppStore|Any CPU.ActiveCfg = Release|Any CPU
		{F21AE74F-35C8-4B98-A3AC-81894C2C12DB}.AppStore|Any CPU.Build.0 = Release|Any CPU
		{F21AE74F-35C8-4B98-A3AC-81894C2C12DB}.AppStore|ARM.ActiveCfg = Release|Any CPU
		{F21AE74F-35C8-4B98-A3AC-81894C2C12DB}.AppStore|ARM.Build.0 = Release|Any CPU
		{F21AE74F-35C8-4B98-A3AC-81894C2C12DB}.AppStore|iPhone.ActiveCfg = Release|Any CPU
		{F21AE74F-35C8-4B98-A3AC-81894C2C12DB}.AppStore|iPhone.Build.0 = Release|Any CPU
		{F21AE74F-35C8-4B98-A3AC-81894C2C12DB}.AppStore|iPhoneSimulator.ActiveCfg = Release|Any CPU
		{F21AE74F-35C8-4B98-A3AC-81894C2C12DB}.AppStore|iPhoneSimulator.Build.0 = Release|Any CPU
		{F21AE74F-35C8-4B98-A3AC-81894C2C12DB}.AppStore|x64.ActiveCfg = Release|Any CPU
		{F21AE74F-35C8-4B98-A3AC-81894C2C12DB}.AppStore|x64.Build.0 = Release|Any CPU
		{F21AE74F-35C8-4B98-A3AC-81894C2C12DB}.AppStore|x86.ActiveCfg = Release|Any CPU
		{F21AE74F-35C8-4B98-A3AC-81894C2C12DB}.AppStore|x86.Build.0 = Release|Any CPU
		{F21AE74F-35C8-4B98-A3AC-81894C2C12DB}.Debug|Any CPU.ActiveCfg = Debug|Any CPU
		{F21AE74F-35C8-4B98-A3AC-81894C2C12DB}.Debug|Any CPU.Build.0 = Debug|Any CPU
		{F21AE74F-35C8-4B98-A3AC-81894C2C12DB}.Debug|ARM.ActiveCfg = Debug|Any CPU
		{F21AE74F-35C8-4B98-A3AC-81894C2C12DB}.Debug|ARM.Build.0 = Debug|Any CPU
		{F21AE74F-35C8-4B98-A3AC-81894C2C12DB}.Debug|iPhone.ActiveCfg = Debug|Any CPU
		{F21AE74F-35C8-4B98-A3AC-81894C2C12DB}.Debug|iPhone.Build.0 = Debug|Any CPU
		{F21AE74F-35C8-4B98-A3AC-81894C2C12DB}.Debug|iPhoneSimulator.ActiveCfg = Debug|Any CPU
		{F21AE74F-35C8-4B98-A3AC-81894C2C12DB}.Debug|iPhoneSimulator.Build.0 = Debug|Any CPU
		{F21AE74F-35C8-4B98-A3AC-81894C2C12DB}.Debug|x64.ActiveCfg = Debug|Any CPU
		{F21AE74F-35C8-4B98-A3AC-81894C2C12DB}.Debug|x64.Build.0 = Debug|Any CPU
		{F21AE74F-35C8-4B98-A3AC-81894C2C12DB}.Debug|x86.ActiveCfg = Debug|Any CPU
		{F21AE74F-35C8-4B98-A3AC-81894C2C12DB}.Debug|x86.Build.0 = Debug|Any CPU
		{F21AE74F-35C8-4B98-A3AC-81894C2C12DB}.Release|Any CPU.ActiveCfg = Release|Any CPU
		{F21AE74F-35C8-4B98-A3AC-81894C2C12DB}.Release|Any CPU.Build.0 = Release|Any CPU
		{F21AE74F-35C8-4B98-A3AC-81894C2C12DB}.Release|ARM.ActiveCfg = Release|Any CPU
		{F21AE74F-35C8-4B98-A3AC-81894C2C12DB}.Release|ARM.Build.0 = Release|Any CPU
		{F21AE74F-35C8-4B98-A3AC-81894C2C12DB}.Release|iPhone.ActiveCfg = Release|Any CPU
		{F21AE74F-35C8-4B98-A3AC-81894C2C12DB}.Release|iPhone.Build.0 = Release|Any CPU
		{F21AE74F-35C8-4B98-A3AC-81894C2C12DB}.Release|iPhoneSimulator.ActiveCfg = Release|Any CPU
		{F21AE74F-35C8-4B98-A3AC-81894C2C12DB}.Release|iPhoneSimulator.Build.0 = Release|Any CPU
		{F21AE74F-35C8-4B98-A3AC-81894C2C12DB}.Release|x64.ActiveCfg = Release|Any CPU
		{F21AE74F-35C8-4B98-A3AC-81894C2C12DB}.Release|x64.Build.0 = Release|Any CPU
		{F21AE74F-35C8-4B98-A3AC-81894C2C12DB}.Release|x86.ActiveCfg = Release|Any CPU
		{F21AE74F-35C8-4B98-A3AC-81894C2C12DB}.Release|x86.Build.0 = Release|Any CPU
		{2D355834-709B-43E6-8570-8DC120D72684}.Ad-Hoc|Any CPU.ActiveCfg = Release|Any CPU
		{2D355834-709B-43E6-8570-8DC120D72684}.Ad-Hoc|Any CPU.Build.0 = Release|Any CPU
		{2D355834-709B-43E6-8570-8DC120D72684}.Ad-Hoc|Any CPU.Deploy.0 = Release|Any CPU
		{2D355834-709B-43E6-8570-8DC120D72684}.Ad-Hoc|ARM.ActiveCfg = Release|Any CPU
		{2D355834-709B-43E6-8570-8DC120D72684}.Ad-Hoc|ARM.Build.0 = Release|Any CPU
		{2D355834-709B-43E6-8570-8DC120D72684}.Ad-Hoc|ARM.Deploy.0 = Release|Any CPU
		{2D355834-709B-43E6-8570-8DC120D72684}.Ad-Hoc|iPhone.ActiveCfg = Release|Any CPU
		{2D355834-709B-43E6-8570-8DC120D72684}.Ad-Hoc|iPhone.Build.0 = Release|Any CPU
		{2D355834-709B-43E6-8570-8DC120D72684}.Ad-Hoc|iPhone.Deploy.0 = Release|Any CPU
		{2D355834-709B-43E6-8570-8DC120D72684}.Ad-Hoc|iPhoneSimulator.ActiveCfg = Release|Any CPU
		{2D355834-709B-43E6-8570-8DC120D72684}.Ad-Hoc|iPhoneSimulator.Build.0 = Release|Any CPU
		{2D355834-709B-43E6-8570-8DC120D72684}.Ad-Hoc|iPhoneSimulator.Deploy.0 = Release|Any CPU
		{2D355834-709B-43E6-8570-8DC120D72684}.Ad-Hoc|x64.ActiveCfg = Release|Any CPU
		{2D355834-709B-43E6-8570-8DC120D72684}.Ad-Hoc|x64.Build.0 = Release|Any CPU
		{2D355834-709B-43E6-8570-8DC120D72684}.Ad-Hoc|x64.Deploy.0 = Release|Any CPU
		{2D355834-709B-43E6-8570-8DC120D72684}.Ad-Hoc|x86.ActiveCfg = Release|Any CPU
		{2D355834-709B-43E6-8570-8DC120D72684}.Ad-Hoc|x86.Build.0 = Release|Any CPU
		{2D355834-709B-43E6-8570-8DC120D72684}.Ad-Hoc|x86.Deploy.0 = Release|Any CPU
		{2D355834-709B-43E6-8570-8DC120D72684}.AppStore|Any CPU.ActiveCfg = Release|Any CPU
		{2D355834-709B-43E6-8570-8DC120D72684}.AppStore|Any CPU.Build.0 = Release|Any CPU
		{2D355834-709B-43E6-8570-8DC120D72684}.AppStore|Any CPU.Deploy.0 = Release|Any CPU
		{2D355834-709B-43E6-8570-8DC120D72684}.AppStore|ARM.ActiveCfg = Release|Any CPU
		{2D355834-709B-43E6-8570-8DC120D72684}.AppStore|ARM.Build.0 = Release|Any CPU
		{2D355834-709B-43E6-8570-8DC120D72684}.AppStore|ARM.Deploy.0 = Release|Any CPU
		{2D355834-709B-43E6-8570-8DC120D72684}.AppStore|iPhone.ActiveCfg = Release|Any CPU
		{2D355834-709B-43E6-8570-8DC120D72684}.AppStore|iPhone.Build.0 = Release|Any CPU
		{2D355834-709B-43E6-8570-8DC120D72684}.AppStore|iPhone.Deploy.0 = Release|Any CPU
		{2D355834-709B-43E6-8570-8DC120D72684}.AppStore|iPhoneSimulator.ActiveCfg = Release|Any CPU
		{2D355834-709B-43E6-8570-8DC120D72684}.AppStore|iPhoneSimulator.Build.0 = Release|Any CPU
		{2D355834-709B-43E6-8570-8DC120D72684}.AppStore|iPhoneSimulator.Deploy.0 = Release|Any CPU
		{2D355834-709B-43E6-8570-8DC120D72684}.AppStore|x64.ActiveCfg = Release|Any CPU
		{2D355834-709B-43E6-8570-8DC120D72684}.AppStore|x64.Build.0 = Release|Any CPU
		{2D355834-709B-43E6-8570-8DC120D72684}.AppStore|x64.Deploy.0 = Release|Any CPU
		{2D355834-709B-43E6-8570-8DC120D72684}.AppStore|x86.ActiveCfg = Release|Any CPU
		{2D355834-709B-43E6-8570-8DC120D72684}.AppStore|x86.Build.0 = Release|Any CPU
		{2D355834-709B-43E6-8570-8DC120D72684}.AppStore|x86.Deploy.0 = Release|Any CPU
		{2D355834-709B-43E6-8570-8DC120D72684}.Debug|Any CPU.ActiveCfg = Debug|Any CPU
		{2D355834-709B-43E6-8570-8DC120D72684}.Debug|Any CPU.Build.0 = Debug|Any CPU
		{2D355834-709B-43E6-8570-8DC120D72684}.Debug|Any CPU.Deploy.0 = Debug|Any CPU
		{2D355834-709B-43E6-8570-8DC120D72684}.Debug|ARM.ActiveCfg = Debug|Any CPU
		{2D355834-709B-43E6-8570-8DC120D72684}.Debug|ARM.Build.0 = Debug|Any CPU
		{2D355834-709B-43E6-8570-8DC120D72684}.Debug|ARM.Deploy.0 = Debug|Any CPU
		{2D355834-709B-43E6-8570-8DC120D72684}.Debug|iPhone.ActiveCfg = Debug|Any CPU
		{2D355834-709B-43E6-8570-8DC120D72684}.Debug|iPhone.Build.0 = Debug|Any CPU
		{2D355834-709B-43E6-8570-8DC120D72684}.Debug|iPhone.Deploy.0 = Debug|Any CPU
		{2D355834-709B-43E6-8570-8DC120D72684}.Debug|iPhoneSimulator.ActiveCfg = Debug|Any CPU
		{2D355834-709B-43E6-8570-8DC120D72684}.Debug|iPhoneSimulator.Build.0 = Debug|Any CPU
		{2D355834-709B-43E6-8570-8DC120D72684}.Debug|iPhoneSimulator.Deploy.0 = Debug|Any CPU
		{2D355834-709B-43E6-8570-8DC120D72684}.Debug|x64.ActiveCfg = Debug|Any CPU
		{2D355834-709B-43E6-8570-8DC120D72684}.Debug|x64.Build.0 = Debug|Any CPU
		{2D355834-709B-43E6-8570-8DC120D72684}.Debug|x64.Deploy.0 = Debug|Any CPU
		{2D355834-709B-43E6-8570-8DC120D72684}.Debug|x86.ActiveCfg = Debug|Any CPU
		{2D355834-709B-43E6-8570-8DC120D72684}.Debug|x86.Build.0 = Debug|Any CPU
		{2D355834-709B-43E6-8570-8DC120D72684}.Debug|x86.Deploy.0 = Debug|Any CPU
		{2D355834-709B-43E6-8570-8DC120D72684}.Release|Any CPU.ActiveCfg = Release|Any CPU
		{2D355834-709B-43E6-8570-8DC120D72684}.Release|Any CPU.Build.0 = Release|Any CPU
		{2D355834-709B-43E6-8570-8DC120D72684}.Release|Any CPU.Deploy.0 = Release|Any CPU
		{2D355834-709B-43E6-8570-8DC120D72684}.Release|ARM.ActiveCfg = Release|Any CPU
		{2D355834-709B-43E6-8570-8DC120D72684}.Release|ARM.Build.0 = Release|Any CPU
		{2D355834-709B-43E6-8570-8DC120D72684}.Release|ARM.Deploy.0 = Release|Any CPU
		{2D355834-709B-43E6-8570-8DC120D72684}.Release|iPhone.ActiveCfg = Release|Any CPU
		{2D355834-709B-43E6-8570-8DC120D72684}.Release|iPhone.Build.0 = Release|Any CPU
		{2D355834-709B-43E6-8570-8DC120D72684}.Release|iPhone.Deploy.0 = Release|Any CPU
		{2D355834-709B-43E6-8570-8DC120D72684}.Release|iPhoneSimulator.ActiveCfg = Release|Any CPU
		{2D355834-709B-43E6-8570-8DC120D72684}.Release|iPhoneSimulator.Build.0 = Release|Any CPU
		{2D355834-709B-43E6-8570-8DC120D72684}.Release|iPhoneSimulator.Deploy.0 = Release|Any CPU
		{2D355834-709B-43E6-8570-8DC120D72684}.Release|x64.ActiveCfg = Release|Any CPU
		{2D355834-709B-43E6-8570-8DC120D72684}.Release|x64.Build.0 = Release|Any CPU
		{2D355834-709B-43E6-8570-8DC120D72684}.Release|x64.Deploy.0 = Release|Any CPU
		{2D355834-709B-43E6-8570-8DC120D72684}.Release|x86.ActiveCfg = Release|Any CPU
		{2D355834-709B-43E6-8570-8DC120D72684}.Release|x86.Build.0 = Release|Any CPU
		{2D355834-709B-43E6-8570-8DC120D72684}.Release|x86.Deploy.0 = Release|Any CPU
		{13824459-B984-4396-951D-F00F6EF529F6}.Ad-Hoc|Any CPU.ActiveCfg = Ad-Hoc|iPhone
		{13824459-B984-4396-951D-F00F6EF529F6}.Ad-Hoc|ARM.ActiveCfg = Ad-Hoc|iPhone
		{13824459-B984-4396-951D-F00F6EF529F6}.Ad-Hoc|iPhone.ActiveCfg = Ad-Hoc|iPhone
		{13824459-B984-4396-951D-F00F6EF529F6}.Ad-Hoc|iPhone.Build.0 = Ad-Hoc|iPhone
		{13824459-B984-4396-951D-F00F6EF529F6}.Ad-Hoc|iPhoneSimulator.ActiveCfg = Ad-Hoc|iPhoneSimulator
		{13824459-B984-4396-951D-F00F6EF529F6}.Ad-Hoc|iPhoneSimulator.Build.0 = Ad-Hoc|iPhoneSimulator
		{13824459-B984-4396-951D-F00F6EF529F6}.Ad-Hoc|x64.ActiveCfg = Ad-Hoc|iPhone
		{13824459-B984-4396-951D-F00F6EF529F6}.Ad-Hoc|x86.ActiveCfg = Ad-Hoc|iPhone
		{13824459-B984-4396-951D-F00F6EF529F6}.AppStore|Any CPU.ActiveCfg = AppStore|iPhone
		{13824459-B984-4396-951D-F00F6EF529F6}.AppStore|ARM.ActiveCfg = AppStore|iPhone
		{13824459-B984-4396-951D-F00F6EF529F6}.AppStore|iPhone.ActiveCfg = AppStore|iPhone
		{13824459-B984-4396-951D-F00F6EF529F6}.AppStore|iPhone.Build.0 = AppStore|iPhone
		{13824459-B984-4396-951D-F00F6EF529F6}.AppStore|iPhoneSimulator.ActiveCfg = AppStore|iPhoneSimulator
		{13824459-B984-4396-951D-F00F6EF529F6}.AppStore|iPhoneSimulator.Build.0 = AppStore|iPhoneSimulator
		{13824459-B984-4396-951D-F00F6EF529F6}.AppStore|x64.ActiveCfg = AppStore|iPhone
		{13824459-B984-4396-951D-F00F6EF529F6}.AppStore|x86.ActiveCfg = AppStore|iPhone
		{13824459-B984-4396-951D-F00F6EF529F6}.Debug|Any CPU.ActiveCfg = Debug|iPhone
		{13824459-B984-4396-951D-F00F6EF529F6}.Debug|ARM.ActiveCfg = Debug|iPhone
		{13824459-B984-4396-951D-F00F6EF529F6}.Debug|iPhone.ActiveCfg = Debug|iPhone
		{13824459-B984-4396-951D-F00F6EF529F6}.Debug|iPhone.Build.0 = Debug|iPhone
		{13824459-B984-4396-951D-F00F6EF529F6}.Debug|iPhoneSimulator.ActiveCfg = Debug|iPhoneSimulator
		{13824459-B984-4396-951D-F00F6EF529F6}.Debug|iPhoneSimulator.Build.0 = Debug|iPhoneSimulator
		{13824459-B984-4396-951D-F00F6EF529F6}.Debug|x64.ActiveCfg = Debug|iPhone
		{13824459-B984-4396-951D-F00F6EF529F6}.Debug|x86.ActiveCfg = Debug|iPhone
		{13824459-B984-4396-951D-F00F6EF529F6}.Release|Any CPU.ActiveCfg = Release|iPhone
		{13824459-B984-4396-951D-F00F6EF529F6}.Release|ARM.ActiveCfg = Release|iPhone
		{13824459-B984-4396-951D-F00F6EF529F6}.Release|iPhone.ActiveCfg = Release|iPhone
		{13824459-B984-4396-951D-F00F6EF529F6}.Release|iPhone.Build.0 = Release|iPhone
		{13824459-B984-4396-951D-F00F6EF529F6}.Release|iPhoneSimulator.ActiveCfg = Release|iPhoneSimulator
		{13824459-B984-4396-951D-F00F6EF529F6}.Release|iPhoneSimulator.Build.0 = Release|iPhoneSimulator
		{13824459-B984-4396-951D-F00F6EF529F6}.Release|x64.ActiveCfg = Release|iPhone
		{13824459-B984-4396-951D-F00F6EF529F6}.Release|x86.ActiveCfg = Release|iPhone
		{8E94429B-67F2-4260-9BF9-9F974ABE0604}.Ad-Hoc|Any CPU.ActiveCfg = Release|Any CPU
		{8E94429B-67F2-4260-9BF9-9F974ABE0604}.Ad-Hoc|Any CPU.Build.0 = Release|Any CPU
		{8E94429B-67F2-4260-9BF9-9F974ABE0604}.Ad-Hoc|Any CPU.Deploy.0 = Release|Any CPU
		{8E94429B-67F2-4260-9BF9-9F974ABE0604}.Ad-Hoc|ARM.ActiveCfg = Release|ARM
		{8E94429B-67F2-4260-9BF9-9F974ABE0604}.Ad-Hoc|ARM.Build.0 = Release|ARM
		{8E94429B-67F2-4260-9BF9-9F974ABE0604}.Ad-Hoc|ARM.Deploy.0 = Release|ARM
		{8E94429B-67F2-4260-9BF9-9F974ABE0604}.Ad-Hoc|iPhone.ActiveCfg = Release|Any CPU
		{8E94429B-67F2-4260-9BF9-9F974ABE0604}.Ad-Hoc|iPhone.Build.0 = Release|Any CPU
		{8E94429B-67F2-4260-9BF9-9F974ABE0604}.Ad-Hoc|iPhone.Deploy.0 = Release|Any CPU
		{8E94429B-67F2-4260-9BF9-9F974ABE0604}.Ad-Hoc|iPhoneSimulator.ActiveCfg = Release|Any CPU
		{8E94429B-67F2-4260-9BF9-9F974ABE0604}.Ad-Hoc|iPhoneSimulator.Build.0 = Release|Any CPU
		{8E94429B-67F2-4260-9BF9-9F974ABE0604}.Ad-Hoc|iPhoneSimulator.Deploy.0 = Release|Any CPU
		{8E94429B-67F2-4260-9BF9-9F974ABE0604}.Ad-Hoc|x64.ActiveCfg = Release|Any CPU
		{8E94429B-67F2-4260-9BF9-9F974ABE0604}.Ad-Hoc|x64.Build.0 = Release|Any CPU
		{8E94429B-67F2-4260-9BF9-9F974ABE0604}.Ad-Hoc|x64.Deploy.0 = Release|Any CPU
		{8E94429B-67F2-4260-9BF9-9F974ABE0604}.Ad-Hoc|x86.ActiveCfg = Release|x86
		{8E94429B-67F2-4260-9BF9-9F974ABE0604}.Ad-Hoc|x86.Build.0 = Release|x86
		{8E94429B-67F2-4260-9BF9-9F974ABE0604}.Ad-Hoc|x86.Deploy.0 = Release|x86
		{8E94429B-67F2-4260-9BF9-9F974ABE0604}.AppStore|Any CPU.ActiveCfg = Release|Any CPU
		{8E94429B-67F2-4260-9BF9-9F974ABE0604}.AppStore|Any CPU.Build.0 = Release|Any CPU
		{8E94429B-67F2-4260-9BF9-9F974ABE0604}.AppStore|Any CPU.Deploy.0 = Release|Any CPU
		{8E94429B-67F2-4260-9BF9-9F974ABE0604}.AppStore|ARM.ActiveCfg = Release|ARM
		{8E94429B-67F2-4260-9BF9-9F974ABE0604}.AppStore|ARM.Build.0 = Release|ARM
		{8E94429B-67F2-4260-9BF9-9F974ABE0604}.AppStore|ARM.Deploy.0 = Release|ARM
		{8E94429B-67F2-4260-9BF9-9F974ABE0604}.AppStore|iPhone.ActiveCfg = Release|Any CPU
		{8E94429B-67F2-4260-9BF9-9F974ABE0604}.AppStore|iPhone.Build.0 = Release|Any CPU
		{8E94429B-67F2-4260-9BF9-9F974ABE0604}.AppStore|iPhone.Deploy.0 = Release|Any CPU
		{8E94429B-67F2-4260-9BF9-9F974ABE0604}.AppStore|iPhoneSimulator.ActiveCfg = Release|Any CPU
		{8E94429B-67F2-4260-9BF9-9F974ABE0604}.AppStore|iPhoneSimulator.Build.0 = Release|Any CPU
		{8E94429B-67F2-4260-9BF9-9F974ABE0604}.AppStore|iPhoneSimulator.Deploy.0 = Release|Any CPU
		{8E94429B-67F2-4260-9BF9-9F974ABE0604}.AppStore|x64.ActiveCfg = Release|Any CPU
		{8E94429B-67F2-4260-9BF9-9F974ABE0604}.AppStore|x64.Build.0 = Release|Any CPU
		{8E94429B-67F2-4260-9BF9-9F974ABE0604}.AppStore|x64.Deploy.0 = Release|Any CPU
		{8E94429B-67F2-4260-9BF9-9F974ABE0604}.AppStore|x86.ActiveCfg = Release|x86
		{8E94429B-67F2-4260-9BF9-9F974ABE0604}.AppStore|x86.Build.0 = Release|x86
		{8E94429B-67F2-4260-9BF9-9F974ABE0604}.AppStore|x86.Deploy.0 = Release|x86
		{8E94429B-67F2-4260-9BF9-9F974ABE0604}.Debug|Any CPU.ActiveCfg = Debug|Any CPU
		{8E94429B-67F2-4260-9BF9-9F974ABE0604}.Debug|Any CPU.Build.0 = Debug|Any CPU
		{8E94429B-67F2-4260-9BF9-9F974ABE0604}.Debug|Any CPU.Deploy.0 = Debug|Any CPU
		{8E94429B-67F2-4260-9BF9-9F974ABE0604}.Debug|ARM.ActiveCfg = Debug|ARM
		{8E94429B-67F2-4260-9BF9-9F974ABE0604}.Debug|ARM.Build.0 = Debug|ARM
		{8E94429B-67F2-4260-9BF9-9F974ABE0604}.Debug|ARM.Deploy.0 = Debug|ARM
		{8E94429B-67F2-4260-9BF9-9F974ABE0604}.Debug|iPhone.ActiveCfg = Debug|Any CPU
		{8E94429B-67F2-4260-9BF9-9F974ABE0604}.Debug|iPhone.Build.0 = Debug|Any CPU
		{8E94429B-67F2-4260-9BF9-9F974ABE0604}.Debug|iPhone.Deploy.0 = Debug|Any CPU
		{8E94429B-67F2-4260-9BF9-9F974ABE0604}.Debug|iPhoneSimulator.ActiveCfg = Debug|Any CPU
		{8E94429B-67F2-4260-9BF9-9F974ABE0604}.Debug|iPhoneSimulator.Build.0 = Debug|Any CPU
		{8E94429B-67F2-4260-9BF9-9F974ABE0604}.Debug|iPhoneSimulator.Deploy.0 = Debug|Any CPU
		{8E94429B-67F2-4260-9BF9-9F974ABE0604}.Debug|x64.ActiveCfg = Debug|Any CPU
		{8E94429B-67F2-4260-9BF9-9F974ABE0604}.Debug|x64.Build.0 = Debug|Any CPU
		{8E94429B-67F2-4260-9BF9-9F974ABE0604}.Debug|x64.Deploy.0 = Debug|Any CPU
		{8E94429B-67F2-4260-9BF9-9F974ABE0604}.Debug|x86.ActiveCfg = Debug|x86
		{8E94429B-67F2-4260-9BF9-9F974ABE0604}.Debug|x86.Build.0 = Debug|x86
		{8E94429B-67F2-4260-9BF9-9F974ABE0604}.Debug|x86.Deploy.0 = Debug|x86
		{8E94429B-67F2-4260-9BF9-9F974ABE0604}.Release|Any CPU.ActiveCfg = Release|Any CPU
		{8E94429B-67F2-4260-9BF9-9F974ABE0604}.Release|Any CPU.Build.0 = Release|Any CPU
		{8E94429B-67F2-4260-9BF9-9F974ABE0604}.Release|Any CPU.Deploy.0 = Release|Any CPU
		{8E94429B-67F2-4260-9BF9-9F974ABE0604}.Release|ARM.ActiveCfg = Release|ARM
		{8E94429B-67F2-4260-9BF9-9F974ABE0604}.Release|ARM.Build.0 = Release|ARM
		{8E94429B-67F2-4260-9BF9-9F974ABE0604}.Release|ARM.Deploy.0 = Release|ARM
		{8E94429B-67F2-4260-9BF9-9F974ABE0604}.Release|iPhone.ActiveCfg = Release|Any CPU
		{8E94429B-67F2-4260-9BF9-9F974ABE0604}.Release|iPhone.Build.0 = Release|Any CPU
		{8E94429B-67F2-4260-9BF9-9F974ABE0604}.Release|iPhone.Deploy.0 = Release|Any CPU
		{8E94429B-67F2-4260-9BF9-9F974ABE0604}.Release|iPhoneSimulator.ActiveCfg = Release|Any CPU
		{8E94429B-67F2-4260-9BF9-9F974ABE0604}.Release|iPhoneSimulator.Build.0 = Release|Any CPU
		{8E94429B-67F2-4260-9BF9-9F974ABE0604}.Release|iPhoneSimulator.Deploy.0 = Release|Any CPU
		{8E94429B-67F2-4260-9BF9-9F974ABE0604}.Release|x64.ActiveCfg = Release|Any CPU
		{8E94429B-67F2-4260-9BF9-9F974ABE0604}.Release|x64.Build.0 = Release|Any CPU
		{8E94429B-67F2-4260-9BF9-9F974ABE0604}.Release|x64.Deploy.0 = Release|Any CPU
		{8E94429B-67F2-4260-9BF9-9F974ABE0604}.Release|x86.ActiveCfg = Release|x86
		{8E94429B-67F2-4260-9BF9-9F974ABE0604}.Release|x86.Build.0 = Release|x86
		{8E94429B-67F2-4260-9BF9-9F974ABE0604}.Release|x86.Deploy.0 = Release|x86
		{012F468B-FCFD-4E6A-B7D8-009CB5388DF8}.Ad-Hoc|Any CPU.ActiveCfg = Release|x86
		{012F468B-FCFD-4E6A-B7D8-009CB5388DF8}.Ad-Hoc|Any CPU.Build.0 = Release|x86
		{012F468B-FCFD-4E6A-B7D8-009CB5388DF8}.Ad-Hoc|Any CPU.Deploy.0 = Release|x86
		{012F468B-FCFD-4E6A-B7D8-009CB5388DF8}.Ad-Hoc|ARM.ActiveCfg = Release|ARM
		{012F468B-FCFD-4E6A-B7D8-009CB5388DF8}.Ad-Hoc|ARM.Build.0 = Release|ARM
		{012F468B-FCFD-4E6A-B7D8-009CB5388DF8}.Ad-Hoc|ARM.Deploy.0 = Release|ARM
		{012F468B-FCFD-4E6A-B7D8-009CB5388DF8}.Ad-Hoc|iPhone.ActiveCfg = Release|x86
		{012F468B-FCFD-4E6A-B7D8-009CB5388DF8}.Ad-Hoc|iPhone.Build.0 = Release|x86
		{012F468B-FCFD-4E6A-B7D8-009CB5388DF8}.Ad-Hoc|iPhone.Deploy.0 = Release|x86
		{012F468B-FCFD-4E6A-B7D8-009CB5388DF8}.Ad-Hoc|iPhoneSimulator.ActiveCfg = Release|x86
		{012F468B-FCFD-4E6A-B7D8-009CB5388DF8}.Ad-Hoc|iPhoneSimulator.Build.0 = Release|x86
		{012F468B-FCFD-4E6A-B7D8-009CB5388DF8}.Ad-Hoc|iPhoneSimulator.Deploy.0 = Release|x86
		{012F468B-FCFD-4E6A-B7D8-009CB5388DF8}.Ad-Hoc|x64.ActiveCfg = Release|x64
		{012F468B-FCFD-4E6A-B7D8-009CB5388DF8}.Ad-Hoc|x64.Build.0 = Release|x64
		{012F468B-FCFD-4E6A-B7D8-009CB5388DF8}.Ad-Hoc|x64.Deploy.0 = Release|x64
		{012F468B-FCFD-4E6A-B7D8-009CB5388DF8}.Ad-Hoc|x86.ActiveCfg = Release|x86
		{012F468B-FCFD-4E6A-B7D8-009CB5388DF8}.Ad-Hoc|x86.Build.0 = Release|x86
		{012F468B-FCFD-4E6A-B7D8-009CB5388DF8}.Ad-Hoc|x86.Deploy.0 = Release|x86
		{012F468B-FCFD-4E6A-B7D8-009CB5388DF8}.AppStore|Any CPU.ActiveCfg = Release|x86
		{012F468B-FCFD-4E6A-B7D8-009CB5388DF8}.AppStore|Any CPU.Build.0 = Release|x86
		{012F468B-FCFD-4E6A-B7D8-009CB5388DF8}.AppStore|Any CPU.Deploy.0 = Release|x86
		{012F468B-FCFD-4E6A-B7D8-009CB5388DF8}.AppStore|ARM.ActiveCfg = Release|ARM
		{012F468B-FCFD-4E6A-B7D8-009CB5388DF8}.AppStore|ARM.Build.0 = Release|ARM
		{012F468B-FCFD-4E6A-B7D8-009CB5388DF8}.AppStore|ARM.Deploy.0 = Release|ARM
		{012F468B-FCFD-4E6A-B7D8-009CB5388DF8}.AppStore|iPhone.ActiveCfg = Release|x86
		{012F468B-FCFD-4E6A-B7D8-009CB5388DF8}.AppStore|iPhone.Build.0 = Release|x86
		{012F468B-FCFD-4E6A-B7D8-009CB5388DF8}.AppStore|iPhone.Deploy.0 = Release|x86
		{012F468B-FCFD-4E6A-B7D8-009CB5388DF8}.AppStore|iPhoneSimulator.ActiveCfg = Release|x86
		{012F468B-FCFD-4E6A-B7D8-009CB5388DF8}.AppStore|iPhoneSimulator.Build.0 = Release|x86
		{012F468B-FCFD-4E6A-B7D8-009CB5388DF8}.AppStore|iPhoneSimulator.Deploy.0 = Release|x86
		{012F468B-FCFD-4E6A-B7D8-009CB5388DF8}.AppStore|x64.ActiveCfg = Release|x64
		{012F468B-FCFD-4E6A-B7D8-009CB5388DF8}.AppStore|x64.Build.0 = Release|x64
		{012F468B-FCFD-4E6A-B7D8-009CB5388DF8}.AppStore|x64.Deploy.0 = Release|x64
		{012F468B-FCFD-4E6A-B7D8-009CB5388DF8}.AppStore|x86.ActiveCfg = Release|x86
		{012F468B-FCFD-4E6A-B7D8-009CB5388DF8}.AppStore|x86.Build.0 = Release|x86
		{012F468B-FCFD-4E6A-B7D8-009CB5388DF8}.AppStore|x86.Deploy.0 = Release|x86
		{012F468B-FCFD-4E6A-B7D8-009CB5388DF8}.Debug|Any CPU.ActiveCfg = Debug|x86
		{012F468B-FCFD-4E6A-B7D8-009CB5388DF8}.Debug|ARM.ActiveCfg = Debug|ARM
		{012F468B-FCFD-4E6A-B7D8-009CB5388DF8}.Debug|ARM.Build.0 = Debug|ARM
		{012F468B-FCFD-4E6A-B7D8-009CB5388DF8}.Debug|ARM.Deploy.0 = Debug|ARM
		{012F468B-FCFD-4E6A-B7D8-009CB5388DF8}.Debug|iPhone.ActiveCfg = Debug|x86
		{012F468B-FCFD-4E6A-B7D8-009CB5388DF8}.Debug|iPhoneSimulator.ActiveCfg = Debug|x86
		{012F468B-FCFD-4E6A-B7D8-009CB5388DF8}.Debug|x64.ActiveCfg = Debug|x64
		{012F468B-FCFD-4E6A-B7D8-009CB5388DF8}.Debug|x64.Build.0 = Debug|x64
		{012F468B-FCFD-4E6A-B7D8-009CB5388DF8}.Debug|x64.Deploy.0 = Debug|x64
		{012F468B-FCFD-4E6A-B7D8-009CB5388DF8}.Debug|x86.ActiveCfg = Debug|x86
		{012F468B-FCFD-4E6A-B7D8-009CB5388DF8}.Debug|x86.Build.0 = Debug|x86
		{012F468B-FCFD-4E6A-B7D8-009CB5388DF8}.Debug|x86.Deploy.0 = Debug|x86
		{012F468B-FCFD-4E6A-B7D8-009CB5388DF8}.Release|Any CPU.ActiveCfg = Release|x86
		{012F468B-FCFD-4E6A-B7D8-009CB5388DF8}.Release|ARM.ActiveCfg = Release|ARM
		{012F468B-FCFD-4E6A-B7D8-009CB5388DF8}.Release|ARM.Build.0 = Release|ARM
		{012F468B-FCFD-4E6A-B7D8-009CB5388DF8}.Release|ARM.Deploy.0 = Release|ARM
		{012F468B-FCFD-4E6A-B7D8-009CB5388DF8}.Release|iPhone.ActiveCfg = Release|x86
		{012F468B-FCFD-4E6A-B7D8-009CB5388DF8}.Release|iPhoneSimulator.ActiveCfg = Release|x86
		{012F468B-FCFD-4E6A-B7D8-009CB5388DF8}.Release|x64.ActiveCfg = Release|x64
		{012F468B-FCFD-4E6A-B7D8-009CB5388DF8}.Release|x64.Build.0 = Release|x64
		{012F468B-FCFD-4E6A-B7D8-009CB5388DF8}.Release|x64.Deploy.0 = Release|x64
		{012F468B-FCFD-4E6A-B7D8-009CB5388DF8}.Release|x86.ActiveCfg = Release|x86
		{012F468B-FCFD-4E6A-B7D8-009CB5388DF8}.Release|x86.Build.0 = Release|x86
		{012F468B-FCFD-4E6A-B7D8-009CB5388DF8}.Release|x86.Deploy.0 = Release|x86
		{99DCD976-AC4E-4E80-B964-41C70D78C871}.Ad-Hoc|Any CPU.ActiveCfg = Release|Any CPU
		{99DCD976-AC4E-4E80-B964-41C70D78C871}.Ad-Hoc|Any CPU.Build.0 = Release|Any CPU
		{99DCD976-AC4E-4E80-B964-41C70D78C871}.Ad-Hoc|Any CPU.Deploy.0 = Release|Any CPU
		{99DCD976-AC4E-4E80-B964-41C70D78C871}.Ad-Hoc|ARM.ActiveCfg = Release|ARM
		{99DCD976-AC4E-4E80-B964-41C70D78C871}.Ad-Hoc|ARM.Build.0 = Release|ARM
		{99DCD976-AC4E-4E80-B964-41C70D78C871}.Ad-Hoc|ARM.Deploy.0 = Release|ARM
		{99DCD976-AC4E-4E80-B964-41C70D78C871}.Ad-Hoc|iPhone.ActiveCfg = Release|Any CPU
		{99DCD976-AC4E-4E80-B964-41C70D78C871}.Ad-Hoc|iPhone.Build.0 = Release|Any CPU
		{99DCD976-AC4E-4E80-B964-41C70D78C871}.Ad-Hoc|iPhone.Deploy.0 = Release|Any CPU
		{99DCD976-AC4E-4E80-B964-41C70D78C871}.Ad-Hoc|iPhoneSimulator.ActiveCfg = Release|Any CPU
		{99DCD976-AC4E-4E80-B964-41C70D78C871}.Ad-Hoc|iPhoneSimulator.Build.0 = Release|Any CPU
		{99DCD976-AC4E-4E80-B964-41C70D78C871}.Ad-Hoc|iPhoneSimulator.Deploy.0 = Release|Any CPU
		{99DCD976-AC4E-4E80-B964-41C70D78C871}.Ad-Hoc|x64.ActiveCfg = Release|x64
		{99DCD976-AC4E-4E80-B964-41C70D78C871}.Ad-Hoc|x64.Build.0 = Release|x64
		{99DCD976-AC4E-4E80-B964-41C70D78C871}.Ad-Hoc|x64.Deploy.0 = Release|x64
		{99DCD976-AC4E-4E80-B964-41C70D78C871}.Ad-Hoc|x86.ActiveCfg = Release|x86
		{99DCD976-AC4E-4E80-B964-41C70D78C871}.Ad-Hoc|x86.Build.0 = Release|x86
		{99DCD976-AC4E-4E80-B964-41C70D78C871}.Ad-Hoc|x86.Deploy.0 = Release|x86
		{99DCD976-AC4E-4E80-B964-41C70D78C871}.AppStore|Any CPU.ActiveCfg = Release|Any CPU
		{99DCD976-AC4E-4E80-B964-41C70D78C871}.AppStore|Any CPU.Build.0 = Release|Any CPU
		{99DCD976-AC4E-4E80-B964-41C70D78C871}.AppStore|Any CPU.Deploy.0 = Release|Any CPU
		{99DCD976-AC4E-4E80-B964-41C70D78C871}.AppStore|ARM.ActiveCfg = Release|ARM
		{99DCD976-AC4E-4E80-B964-41C70D78C871}.AppStore|ARM.Build.0 = Release|ARM
		{99DCD976-AC4E-4E80-B964-41C70D78C871}.AppStore|ARM.Deploy.0 = Release|ARM
		{99DCD976-AC4E-4E80-B964-41C70D78C871}.AppStore|iPhone.ActiveCfg = Release|Any CPU
		{99DCD976-AC4E-4E80-B964-41C70D78C871}.AppStore|iPhone.Build.0 = Release|Any CPU
		{99DCD976-AC4E-4E80-B964-41C70D78C871}.AppStore|iPhone.Deploy.0 = Release|Any CPU
		{99DCD976-AC4E-4E80-B964-41C70D78C871}.AppStore|iPhoneSimulator.ActiveCfg = Release|Any CPU
		{99DCD976-AC4E-4E80-B964-41C70D78C871}.AppStore|iPhoneSimulator.Build.0 = Release|Any CPU
		{99DCD976-AC4E-4E80-B964-41C70D78C871}.AppStore|iPhoneSimulator.Deploy.0 = Release|Any CPU
		{99DCD976-AC4E-4E80-B964-41C70D78C871}.AppStore|x64.ActiveCfg = Release|x64
		{99DCD976-AC4E-4E80-B964-41C70D78C871}.AppStore|x64.Build.0 = Release|x64
		{99DCD976-AC4E-4E80-B964-41C70D78C871}.AppStore|x64.Deploy.0 = Release|x64
		{99DCD976-AC4E-4E80-B964-41C70D78C871}.AppStore|x86.ActiveCfg = Release|x86
		{99DCD976-AC4E-4E80-B964-41C70D78C871}.AppStore|x86.Build.0 = Release|x86
		{99DCD976-AC4E-4E80-B964-41C70D78C871}.AppStore|x86.Deploy.0 = Release|x86
		{99DCD976-AC4E-4E80-B964-41C70D78C871}.Debug|Any CPU.ActiveCfg = Debug|Any CPU
		{99DCD976-AC4E-4E80-B964-41C70D78C871}.Debug|Any CPU.Build.0 = Debug|Any CPU
		{99DCD976-AC4E-4E80-B964-41C70D78C871}.Debug|Any CPU.Deploy.0 = Debug|Any CPU
		{99DCD976-AC4E-4E80-B964-41C70D78C871}.Debug|ARM.ActiveCfg = Debug|ARM
		{99DCD976-AC4E-4E80-B964-41C70D78C871}.Debug|ARM.Build.0 = Debug|ARM
		{99DCD976-AC4E-4E80-B964-41C70D78C871}.Debug|ARM.Deploy.0 = Debug|ARM
		{99DCD976-AC4E-4E80-B964-41C70D78C871}.Debug|iPhone.ActiveCfg = Debug|Any CPU
		{99DCD976-AC4E-4E80-B964-41C70D78C871}.Debug|iPhone.Build.0 = Debug|Any CPU
		{99DCD976-AC4E-4E80-B964-41C70D78C871}.Debug|iPhone.Deploy.0 = Debug|Any CPU
		{99DCD976-AC4E-4E80-B964-41C70D78C871}.Debug|iPhoneSimulator.ActiveCfg = Debug|Any CPU
		{99DCD976-AC4E-4E80-B964-41C70D78C871}.Debug|iPhoneSimulator.Build.0 = Debug|Any CPU
		{99DCD976-AC4E-4E80-B964-41C70D78C871}.Debug|iPhoneSimulator.Deploy.0 = Debug|Any CPU
		{99DCD976-AC4E-4E80-B964-41C70D78C871}.Debug|x64.ActiveCfg = Debug|x64
		{99DCD976-AC4E-4E80-B964-41C70D78C871}.Debug|x64.Build.0 = Debug|x64
		{99DCD976-AC4E-4E80-B964-41C70D78C871}.Debug|x64.Deploy.0 = Debug|x64
		{99DCD976-AC4E-4E80-B964-41C70D78C871}.Debug|x86.ActiveCfg = Debug|x86
		{99DCD976-AC4E-4E80-B964-41C70D78C871}.Debug|x86.Build.0 = Debug|x86
		{99DCD976-AC4E-4E80-B964-41C70D78C871}.Debug|x86.Deploy.0 = Debug|x86
		{99DCD976-AC4E-4E80-B964-41C70D78C871}.Release|Any CPU.ActiveCfg = Release|Any CPU
		{99DCD976-AC4E-4E80-B964-41C70D78C871}.Release|Any CPU.Build.0 = Release|Any CPU
		{99DCD976-AC4E-4E80-B964-41C70D78C871}.Release|Any CPU.Deploy.0 = Release|Any CPU
		{99DCD976-AC4E-4E80-B964-41C70D78C871}.Release|ARM.ActiveCfg = Release|ARM
		{99DCD976-AC4E-4E80-B964-41C70D78C871}.Release|ARM.Build.0 = Release|ARM
		{99DCD976-AC4E-4E80-B964-41C70D78C871}.Release|ARM.Deploy.0 = Release|ARM
		{99DCD976-AC4E-4E80-B964-41C70D78C871}.Release|iPhone.ActiveCfg = Release|Any CPU
		{99DCD976-AC4E-4E80-B964-41C70D78C871}.Release|iPhone.Build.0 = Release|Any CPU
		{99DCD976-AC4E-4E80-B964-41C70D78C871}.Release|iPhone.Deploy.0 = Release|Any CPU
		{99DCD976-AC4E-4E80-B964-41C70D78C871}.Release|iPhoneSimulator.ActiveCfg = Release|Any CPU
		{99DCD976-AC4E-4E80-B964-41C70D78C871}.Release|iPhoneSimulator.Build.0 = Release|Any CPU
		{99DCD976-AC4E-4E80-B964-41C70D78C871}.Release|iPhoneSimulator.Deploy.0 = Release|Any CPU
		{99DCD976-AC4E-4E80-B964-41C70D78C871}.Release|x64.ActiveCfg = Release|x64
		{99DCD976-AC4E-4E80-B964-41C70D78C871}.Release|x64.Build.0 = Release|x64
		{99DCD976-AC4E-4E80-B964-41C70D78C871}.Release|x64.Deploy.0 = Release|x64
		{99DCD976-AC4E-4E80-B964-41C70D78C871}.Release|x86.ActiveCfg = Release|x86
		{99DCD976-AC4E-4E80-B964-41C70D78C871}.Release|x86.Build.0 = Release|x86
		{99DCD976-AC4E-4E80-B964-41C70D78C871}.Release|x86.Deploy.0 = Release|x86
	EndGlobalSection
	GlobalSection(SolutionProperties) = preSolution
		HideSolutionNode = FALSE
	EndGlobalSection
EndGlobal
